
Microsoft Visual Studio Solution File, Format Version 12.00
# Visual Studio 2013
VisualStudioVersion = 12.0.31101.0
MinimumVisualStudioVersion = 10.0.40219.1
Project("{8BC9CEB8-8B4A-11D0-8D11-00A0C91BC942}") = "ArduinoTemplateLibrary", "ArduinoTemplateLibrary\ArduinoTemplateLibrary.vcxproj", "{F96787B6-E18C-4ECA-9A57-C62DF0F615ED}"
EndProject
Project("{8BC9CEB8-8B4A-11D0-8D11-00A0C91BC942}") = "ArduinoTemplateLibrary.Tests", "ArduinoTemplateLibrary.Tests\ArduinoTemplateLibrary.Tests.vcxproj", "{E5C7D059-9CB8-4FB1-83FF-99F31EBE6130}"
EndProject
Project("{2150E333-8FDC-42A3-9474-1A3956D46DE8}") = "Solution Items", "Solution Items", "{9ED6B5A1-62C7-4B2F-BDCA-AAF39BEA1489}"
	ProjectSection(SolutionItems) = preProject
		_template.h = _template.h
		ArduinoTemplateLibrary.vsmdi = ArduinoTemplateLibrary.vsmdi
		BuildArduinoExamples.ps1 = BuildArduinoExamples.ps1
		BuildArduinoLibraries.ps1 = BuildArduinoLibraries.ps1
		Contracts.txt = Contracts.txt
		Local.testsettings = Local.testsettings
		TraceAndTestImpact.testsettings = TraceAndTestImpact.testsettings
	EndProjectSection
EndProject
Project("{2150E333-8FDC-42A3-9474-1A3956D46DE8}") = "ATL", "ATL", "{D05E1ACA-732A-4F6E-BB16-22E9FECCF428}"
	ProjectSection(SolutionItems) = preProject
		Arduino Libraries\ATL\ATL.cpp = Arduino Libraries\ATL\ATL.cpp
		Arduino Libraries\ATL\library.properties = Arduino Libraries\ATL\library.properties
	EndProjectSection
EndProject
Project("{2150E333-8FDC-42A3-9474-1A3956D46DE8}") = "examples", "examples", "{9079BF31-C4DF-48D4-9EFD-44261BC3D020}"
	ProjectSection(SolutionItems) = preProject
		Arduino Libraries\ATL\examples\_Intro\_Intro.ino = Arduino Libraries\ATL\examples\_Intro\_Intro.ino
		Arduino Libraries\ATL\examples\Array\Array.ino = Arduino Libraries\ATL\examples\Array\Array.ino
		Arduino Libraries\ATL\examples\Bit\Bit.ino = Arduino Libraries\ATL\examples\Bit\Bit.ino
		Arduino Libraries\ATL\examples\BitArray\BitArray.ino = Arduino Libraries\ATL\examples\BitArray\BitArray.ino
		Arduino Libraries\ATL\examples\CollectionRef\CollectionRef.ino = Arduino Libraries\ATL\examples\CollectionRef\CollectionRef.ino
	EndProjectSection
EndProject
Project("{2150E333-8FDC-42A3-9474-1A3956D46DE8}") = "ATL_IO", "ATL_IO", "{EE9DFF2B-A522-411D-B6B5-940DB86909BA}"
	ProjectSection(SolutionItems) = preProject
		Arduino Libraries\ATL_IO\ATL_IO.cpp = Arduino Libraries\ATL_IO\ATL_IO.cpp
		Arduino Libraries\ATL_IO\library.properties = Arduino Libraries\ATL_IO\library.properties
	EndProjectSection
EndProject
Project("{2150E333-8FDC-42A3-9474-1A3956D46DE8}") = "examples", "examples", "{D40EFDEA-05FA-478A-BD88-74EFE3F7E5A6}"
	ProjectSection(SolutionItems) = preProject
		Arduino Libraries\ATL_IO\examples\Blink\Blink.ino = Arduino Libraries\ATL_IO\examples\Blink\Blink.ino
		Arduino Libraries\ATL_IO\examples\DigitalInput\DigitalInput.ino = Arduino Libraries\ATL_IO\examples\DigitalInput\DigitalInput.ino
		Arduino Libraries\ATL_IO\examples\TextFormatInfo\TextFormatInfo.ino = Arduino Libraries\ATL_IO\examples\TextFormatInfo\TextFormatInfo.ino
		Arduino Libraries\ATL_IO\examples\TextWriter\TextWriter.ino = Arduino Libraries\ATL_IO\examples\TextWriter\TextWriter.ino
	EndProjectSection
EndProject
Project("{2150E333-8FDC-42A3-9474-1A3956D46DE8}") = "ATL_HD44780", "ATL_HD44780", "{94626728-ACFE-4F69-A313-77FC06331CA2}"
	ProjectSection(SolutionItems) = preProject
		Arduino Libraries\ATL_HD44780\ATL_HD44780.cpp = Arduino Libraries\ATL_HD44780\ATL_HD44780.cpp
		Arduino Libraries\ATL_HD44780\library.properties = Arduino Libraries\ATL_HD44780\library.properties
	EndProjectSection
EndProject
Project("{2150E333-8FDC-42A3-9474-1A3956D46DE8}") = "ATL_MIDI", "ATL_MIDI", "{CC9C000F-9C6C-462F-8072-D923A09665FA}"
	ProjectSection(SolutionItems) = preProject
		Arduino Libraries\ATL_MIDI\ATL_MIDI.cpp = Arduino Libraries\ATL_MIDI\ATL_MIDI.cpp
		Arduino Libraries\ATL_MIDI\library.properties = Arduino Libraries\ATL_MIDI\library.properties
	EndProjectSection
EndProject
Project("{2150E333-8FDC-42A3-9474-1A3956D46DE8}") = "ATL_Process", "ATL_Process", "{0C5492CD-FF78-4417-8940-7682D51737DC}"
	ProjectSection(SolutionItems) = preProject
		Arduino Libraries\ATL_Process\ATL_Process.cpp = Arduino Libraries\ATL_Process\ATL_Process.cpp
		Arduino Libraries\ATL_Process\library.properties = Arduino Libraries\ATL_Process\library.properties
	EndProjectSection
EndProject
Project("{2150E333-8FDC-42A3-9474-1A3956D46DE8}") = "ATL_TB6612FNG", "ATL_TB6612FNG", "{2E078CB8-4343-4CF6-ABA0-53F822B36A7C}"
	ProjectSection(SolutionItems) = preProject
		Arduino Libraries\ATL_TB6612FNG\ATL_TB6612FNG.cpp = Arduino Libraries\ATL_TB6612FNG\ATL_TB6612FNG.cpp
		Arduino Libraries\ATL_TB6612FNG\library.properties = Arduino Libraries\ATL_TB6612FNG\library.properties
	EndProjectSection
EndProject
Project("{2150E333-8FDC-42A3-9474-1A3956D46DE8}") = "ATL_URM37V32", "ATL_URM37V32", "{FA8BA82F-FF4E-4FA3-BEB0-4014079F9BF3}"
	ProjectSection(SolutionItems) = preProject
		Arduino Libraries\ATL_URM37V32\ATL_URM37V32.cpp = Arduino Libraries\ATL_URM37V32\ATL_URM37V32.cpp
		Arduino Libraries\ATL_URM37V32\library.properties = Arduino Libraries\ATL_URM37V32\library.properties
	EndProjectSection
EndProject
Project("{2150E333-8FDC-42A3-9474-1A3956D46DE8}") = "ATL_UI", "ATL_UI", "{92E5465D-B7AE-4D3A-856C-D480ABD89D17}"
	ProjectSection(SolutionItems) = preProject
		Arduino Libraries\ATL_UI\ATL_UI.cpp = Arduino Libraries\ATL_UI\ATL_UI.cpp
		Arduino Libraries\ATL_UI\library.properties = Arduino Libraries\ATL_UI\library.properties
	EndProjectSection
EndProject
Project("{2150E333-8FDC-42A3-9474-1A3956D46DE8}") = "examples", "examples", "{68F23C8D-18CF-4969-B229-A43AA9FF52AB}"
	ProjectSection(SolutionItems) = preProject
		Arduino Libraries\ATL_HD44780\examples\I2CLCD\I2CLCD.ino = Arduino Libraries\ATL_HD44780\examples\I2CLCD\I2CLCD.ino
		Arduino Libraries\ATL_HD44780\examples\LCD\LCD.ino = Arduino Libraries\ATL_HD44780\examples\LCD\LCD.ino
	EndProjectSection
EndProject
Project("{2150E333-8FDC-42A3-9474-1A3956D46DE8}") = "examples", "examples", "{DECEBAE1-130F-4879-A761-948F4CDE46E4}"
EndProject
Project("{2150E333-8FDC-42A3-9474-1A3956D46DE8}") = "examples", "examples", "{E57745DF-1AF7-4CA1-9BEB-3986F42E001B}"
	ProjectSection(SolutionItems) = preProject
		Arduino Libraries\ATL_Process\examples\Task\Task.ino = Arduino Libraries\ATL_Process\examples\Task\Task.ino
		Arduino Libraries\ATL_Process\examples\TimeoutTask\TimeoutTask.ino = Arduino Libraries\ATL_Process\examples\TimeoutTask\TimeoutTask.ino
	EndProjectSection
EndProject
Project("{2150E333-8FDC-42A3-9474-1A3956D46DE8}") = "examples", "examples", "{B73DDCC8-18B5-40B6-B895-3866E6C883C3}"
EndProject
Project("{2150E333-8FDC-42A3-9474-1A3956D46DE8}") = "examples", "examples", "{3FEAB1DD-405B-4524-A2FC-1F9D531D8987}"
	ProjectSection(SolutionItems) = preProject
		Arduino Libraries\ATL_UI\examples\Page\Page.ino = Arduino Libraries\ATL_UI\examples\Page\Page.ino
		Arduino Libraries\ATL_UI\examples\PageController\PageController.ino = Arduino Libraries\ATL_UI\examples\PageController\PageController.ino
		Arduino Libraries\ATL_UI\examples\TextBox\TextBox.ino = Arduino Libraries\ATL_UI\examples\TextBox\TextBox.ino
	EndProjectSection
EndProject
Project("{2150E333-8FDC-42A3-9474-1A3956D46DE8}") = "examples", "examples", "{42BD9785-228C-4C7C-961E-CA2CA768808F}"
EndProject
Project("{2150E333-8FDC-42A3-9474-1A3956D46DE8}") = "ATL_Input", "ATL_Input", "{94B66028-C382-4349-A2FE-3A7E47FA66DB}"
	ProjectSection(SolutionItems) = preProject
		Arduino Libraries\ATL_Input\ATL_Input.cpp = Arduino Libraries\ATL_Input\ATL_Input.cpp
		Arduino Libraries\ATL_Input\library.properties = Arduino Libraries\ATL_Input\library.properties
	EndProjectSection
EndProject
Project("{2150E333-8FDC-42A3-9474-1A3956D46DE8}") = "examples", "examples", "{BC6C3083-6DD4-40C9-BB5B-4E552DA1DF77}"
	ProjectSection(SolutionItems) = preProject
		Arduino Libraries\ATL_Input\examples\PushButton\PushButton.ino = Arduino Libraries\ATL_Input\examples\PushButton\PushButton.ino
	EndProjectSection
EndProject
Project("{8BC9CEB8-8B4A-11D0-8D11-00A0C91BC942}") = "AvrTemplateLibrary.Tests", "AvrTemplateLibrary.Tests\AvrTemplateLibrary.Tests.vcxproj", "{9757CB21-B840-49A6-B057-9F322E543DD6}"
EndProject
Global
	GlobalSection(TeamFoundationVersionControl) = preSolution
		SccNumberOfProjects = 4
		SccEnterpriseProvider = {4CA58AB2-18FA-4F8D-95D4-32DDF27D184C}
		SccTeamFoundationServer = https://tfs.codeplex.com/tfs/tfs01
		SccLocalPath0 = .
		SccProjectUniqueName1 = ArduinoTemplateLibrary\\ArduinoTemplateLibrary.vcxproj
		SccProjectName1 = ArduinoTemplateLibrary
		SccLocalPath1 = ArduinoTemplateLibrary
		SccProjectUniqueName2 = ArduinoTemplateLibrary.Tests\\ArduinoTemplateLibrary.Tests.vcxproj
		SccProjectName2 = ArduinoTemplateLibrary.Tests
		SccLocalPath2 = ArduinoTemplateLibrary.Tests
		SccProjectUniqueName3 = AvrTemplateLibrary.Tests\\AvrTemplateLibrary.Tests.vcxproj
		SccProjectName3 = AvrTemplateLibrary.Tests
		SccLocalPath3 = AvrTemplateLibrary.Tests
	EndGlobalSection
	GlobalSection(SolutionConfigurationPlatforms) = preSolution
		Debug|Win32 = Debug|Win32
		Release|Win32 = Release|Win32
	EndGlobalSection
	GlobalSection(ProjectConfigurationPlatforms) = postSolution
		{F96787B6-E18C-4ECA-9A57-C62DF0F615ED}.Debug|Win32.ActiveCfg = Debug|Win32
		{F96787B6-E18C-4ECA-9A57-C62DF0F615ED}.Debug|Win32.Build.0 = Debug|Win32
		{F96787B6-E18C-4ECA-9A57-C62DF0F615ED}.Release|Win32.ActiveCfg = Release|Win32
		{F96787B6-E18C-4ECA-9A57-C62DF0F615ED}.Release|Win32.Build.0 = Release|Win32
		{E5C7D059-9CB8-4FB1-83FF-99F31EBE6130}.Debug|Win32.ActiveCfg = Debug|Win32
		{E5C7D059-9CB8-4FB1-83FF-99F31EBE6130}.Debug|Win32.Build.0 = Debug|Win32
		{E5C7D059-9CB8-4FB1-83FF-99F31EBE6130}.Release|Win32.ActiveCfg = Release|Win32
		{E5C7D059-9CB8-4FB1-83FF-99F31EBE6130}.Release|Win32.Build.0 = Release|Win32
		{9757CB21-B840-49A6-B057-9F322E543DD6}.Debug|Win32.ActiveCfg = Debug|Win32
		{9757CB21-B840-49A6-B057-9F322E543DD6}.Debug|Win32.Build.0 = Debug|Win32
		{9757CB21-B840-49A6-B057-9F322E543DD6}.Release|Win32.ActiveCfg = Release|Win32
		{9757CB21-B840-49A6-B057-9F322E543DD6}.Release|Win32.Build.0 = Release|Win32
	EndGlobalSection
	GlobalSection(SolutionProperties) = preSolution
		HideSolutionNode = FALSE
	EndGlobalSection
	GlobalSection(NestedProjects) = preSolution
		{9079BF31-C4DF-48D4-9EFD-44261BC3D020} = {D05E1ACA-732A-4F6E-BB16-22E9FECCF428}
		{D40EFDEA-05FA-478A-BD88-74EFE3F7E5A6} = {EE9DFF2B-A522-411D-B6B5-940DB86909BA}
		{68F23C8D-18CF-4969-B229-A43AA9FF52AB} = {94626728-ACFE-4F69-A313-77FC06331CA2}
		{DECEBAE1-130F-4879-A761-948F4CDE46E4} = {CC9C000F-9C6C-462F-8072-D923A09665FA}
		{E57745DF-1AF7-4CA1-9BEB-3986F42E001B} = {0C5492CD-FF78-4417-8940-7682D51737DC}
		{B73DDCC8-18B5-40B6-B895-3866E6C883C3} = {2E078CB8-4343-4CF6-ABA0-53F822B36A7C}
		{3FEAB1DD-405B-4524-A2FC-1F9D531D8987} = {92E5465D-B7AE-4D3A-856C-D480ABD89D17}
		{42BD9785-228C-4C7C-961E-CA2CA768808F} = {FA8BA82F-FF4E-4FA3-BEB0-4014079F9BF3}
		{BC6C3083-6DD4-40C9-BB5B-4E552DA1DF77} = {94B66028-C382-4349-A2FE-3A7E47FA66DB}
	EndGlobalSection
	GlobalSection(TestCaseManagementSettings) = postSolution
		CategoryFile = ArduinoTemplateLibrary.vsmdi
	EndGlobalSection
EndGlobal
