<?xml version="1.0" encoding="utf-8"?>
<Project ToolsVersion="4.0" xmlns="http://schemas.microsoft.com/developer/msbuild/2003">
  <ItemGroup>
    <None Include="ArduinoTemplateLibrary.pde" />
    <None Include="Contracts.txt" />
  </ItemGroup>
  <ItemGroup>
    <ClInclude Include=".ArduinoTemplateLibrary.vsarduino.h" />
    <ClInclude Include="ValueContainer.h" />
    <ClInclude Include="BitArray.h" />
    <ClInclude Include="Range.h" />
    <ClInclude Include="RingBuffer.h" />
    <ClInclude Include="BufferedInputStream.h">
      <Filter>IO</Filter>
    </ClInclude>
    <ClInclude Include="Midi.h">
      <Filter>Midi</Filter>
    </ClInclude>
    <ClInclude Include="MidiInputStream.h">
      <Filter>Midi</Filter>
    </ClInclude>
    <ClInclude Include="MidiMessage.h">
      <Filter>Midi</Filter>
    </ClInclude>
    <ClInclude Include="MidiReader.h">
      <Filter>Midi</Filter>
    </ClInclude>
    <ClInclude Include="StreamInputStream.h">
      <Filter>IO</Filter>
    </ClInclude>
    <ClInclude Include="MidiWriter.h">
      <Filter>Midi</Filter>
    </ClInclude>
    <ClInclude Include="StreamOutputStream.h">
      <Filter>IO</Filter>
    </ClInclude>
    <ClInclude Include="TextWriter.h">
      <Filter>IO</Filter>
    </ClInclude>
    <ClInclude Include="TextFormatInfo.h">
      <Filter>IO</Filter>
    </ClInclude>
  </ItemGroup>
  <ItemGroup>
    <Filter Include="IO">
      <UniqueIdentifier>{d4fdecf2-701c-49ec-8bcc-af0dd77cc96e}</UniqueIdentifier>
    </Filter>
    <Filter Include="Midi">
      <UniqueIdentifier>{37111ec7-556f-4131-9a52-5d811731ce50}</UniqueIdentifier>
    </Filter>
  </ItemGroup>
</Project>