<?xml version="1.0" encoding="utf-8"?>
<Project ToolsVersion="4.0" xmlns="http://schemas.microsoft.com/developer/msbuild/2003">
  <ItemGroup>
    <ClInclude Include="ValueContainer.h" />
    <ClInclude Include="BitArray.h" />
    <ClInclude Include="Range.h" />
    <ClInclude Include="RingBuffer.h" />
    <ClInclude Include="BufferedInputStream.h">
      <Filter>IO</Filter>
    </ClInclude>
    <ClInclude Include="Midi.h">
      <Filter>Midi</Filter>
    </ClInclude>
    <ClInclude Include="MidiMessage.h">
      <Filter>Midi</Filter>
    </ClInclude>
    <ClInclude Include="MidiReader.h">
      <Filter>Midi</Filter>
    </ClInclude>
    <ClInclude Include="MidiWriter.h">
      <Filter>Midi</Filter>
    </ClInclude>
    <ClInclude Include="TextWriter.h">
      <Filter>IO</Filter>
    </ClInclude>
    <ClInclude Include="TextFormatInfo.h">
      <Filter>IO</Filter>
    </ClInclude>
    <ClInclude Include="DigitalInput.h">
      <Filter>IO</Filter>
    </ClInclude>
    <ClInclude Include="PushButton.h">
      <Filter>IO</Filter>
    </ClInclude>
    <ClInclude Include="Delegate.h" />
    <ClInclude Include="Func.h" />
    <ClInclude Include="Time.h">
      <Filter>Arduino</Filter>
    </ClInclude>
    <ClInclude Include="Delays.h">
      <Filter>Arduino</Filter>
    </ClInclude>
    <ClInclude Include="TB6612FNG_Driver.h">
      <Filter>Hardware\Motor\TB6612FNG</Filter>
    </ClInclude>
    <ClInclude Include="TB6612FNG_Controller.h">
      <Filter>Hardware\Motor\TB6612FNG</Filter>
    </ClInclude>
    <ClInclude Include="PID.h">
      <Filter>Process</Filter>
    </ClInclude>
    <ClInclude Include="URM37V32_Controller.h">
      <Filter>Hardware\Sensor\URM37 V3.2</Filter>
    </ClInclude>
    <ClInclude Include="URM37V32_Driver.h">
      <Filter>Hardware\Sensor\URM37 V3.2</Filter>
    </ClInclude>
    <ClInclude Include="Serial3WireOutput.h">
      <Filter>IO</Filter>
    </ClInclude>
    <ClInclude Include="HD44780_Controller.h">
      <Filter>Hardware\Display\HD44780</Filter>
    </ClInclude>
    <ClInclude Include="HD44780_Driver.h">
      <Filter>Hardware\Display\HD44780</Filter>
    </ClInclude>
    <ClInclude Include="HD44780_View.h">
      <Filter>Hardware\Display\HD44780</Filter>
    </ClInclude>
    <ClInclude Include="HD44780_Profile.h">
      <Filter>Hardware\Display\HD44780</Filter>
    </ClInclude>
    <ClInclude Include="HD44780_DriverSerial3Wire.h">
      <Filter>Hardware\Display\HD44780</Filter>
    </ClInclude>
    <ClInclude Include="HD44780_ViewPort.h">
      <Filter>Hardware\Display\HD44780</Filter>
    </ClInclude>
    <ClInclude Include="TB6612FNG_DriverSerial3Wire.h">
      <Filter>Hardware\Motor\TB6612FNG</Filter>
    </ClInclude>
    <ClInclude Include="Task.h">
      <Filter>Process</Filter>
    </ClInclude>
    <ClInclude Include="TimeoutTask.h">
      <Filter>Process</Filter>
    </ClInclude>
    <ClInclude Include="IdentifiableObject.h" />
    <ClInclude Include="Arduino\AnalogOutputPin.h">
      <Filter>Arduino</Filter>
    </ClInclude>
    <ClInclude Include="Arduino\DigitalInputPin.h">
      <Filter>Arduino</Filter>
    </ClInclude>
    <ClInclude Include="Arduino\DigitalOutputPin.h">
      <Filter>Arduino</Filter>
    </ClInclude>
    <ClInclude Include="Arduino\StreamOutputStream.h">
      <Filter>Arduino</Filter>
    </ClInclude>
    <ClInclude Include="Arduino\StreamInputStream.h">
      <Filter>Arduino</Filter>
    </ClInclude>
    <ClInclude Include="Arduino\Time_Arduino.h" />
    <ClInclude Include="AVR\Button.h" />
    <ClInclude Include="AVR\DigitalInputPin.h" />
    <ClInclude Include="AVR\DigitalOutputPin.h" />
    <ClInclude Include="AVR\Interrupt.h" />
    <ClInclude Include="AVR\Port.h" />
    <ClInclude Include="Bit.h" />
    <ClInclude Include="Control.h" />
    <ClInclude Include="Page.h" />
    <ClInclude Include="Panel.h" />
    <ClInclude Include="ArrayRef.h" />
    <ClInclude Include="BitFlag.h" />
    <ClInclude Include="InputControl.h" />
    <ClInclude Include="UpDownControl.h" />
    <ClInclude Include="LabelControl.h" />
    <ClInclude Include="NavigationController.h" />
    <ClInclude Include="CollectionRef.h" />
    <ClInclude Include="ControlContainer.h" />
    <ClInclude Include="Collection.h" />
    <ClInclude Include="Line.h" />
    <ClInclude Include="PageController.h" />
    <ClInclude Include="DisplayWriter.h" />
    <ClInclude Include="HorizontalPanel.h" />
    <ClInclude Include="VerticalPanel.h" />
    <ClInclude Include="PanelControlContainer.h" />
    <ClInclude Include="HD44780_DisplayWriter.h" />
    <ClInclude Include="Default.h" />
    <ClInclude Include="StaticString.h" />
    <ClInclude Include="StaticArray.h" />
    <ClInclude Include="Data.h" />
    <ClInclude Include="VolatileData.h" />
    <ClInclude Include="TextControl.h" />
    <ClInclude Include="FixedString.h" />
    <ClInclude Include="Iterator.h" />
    <ClInclude Include="Array.h" />
    <ClInclude Include="FixedArray.h" />
    <ClInclude Include="FixedArrayRef.h" />
    <ClInclude Include="ProgMemAccessor.h" />
    <ClInclude Include="HD44780_DriverI2C.h" />
    <ClInclude Include="Arduino\SerialI2COutput.h" />
    <ClInclude Include="AVR\PowerReduction.h" />
    <ClInclude Include="AVR\Usart.h" />
    <ClInclude Include="AVR\UsartConfig.h" />
    <ClInclude Include="AVR\UsartReceive.h" />
    <ClInclude Include="AVR\UsartRegisters.h" />
    <ClInclude Include="AVR\UsartTransmit.h" />
    <ClInclude Include="EnumScope.h" />
    <ClInclude Include="Math.h" />
    <ClInclude Include="AVR\UsartInputStream.h" />
    <ClInclude Include="AVR\UsartOutputStream.h" />
    <ClInclude Include="Debug.h" />
    <ClInclude Include="Arduino\Delay_Arduino.h" />
    <ClInclude Include="AVR\Delay_Avr.h" />
    <ClInclude Include="Delay.h" />
  </ItemGroup>
  <ItemGroup>
    <Filter Include="IO">
      <UniqueIdentifier>{d4fdecf2-701c-49ec-8bcc-af0dd77cc96e}</UniqueIdentifier>
    </Filter>
    <Filter Include="Midi">
      <UniqueIdentifier>{37111ec7-556f-4131-9a52-5d811731ce50}</UniqueIdentifier>
    </Filter>
    <Filter Include="Arduino">
      <UniqueIdentifier>{6c37333a-8678-4275-993c-0259846f3df5}</UniqueIdentifier>
    </Filter>
    <Filter Include="Hardware">
      <UniqueIdentifier>{d89d12aa-a5b0-48f2-9b2f-548aa5d7ea7c}</UniqueIdentifier>
    </Filter>
    <Filter Include="Hardware\Motor">
      <UniqueIdentifier>{46cb0063-d1a1-48c3-895c-f8b83ce64c28}</UniqueIdentifier>
    </Filter>
    <Filter Include="Hardware\Motor\TB6612FNG">
      <UniqueIdentifier>{cbf2d471-cfb6-4520-b8a0-4210ea4461b8}</UniqueIdentifier>
    </Filter>
    <Filter Include="Process">
      <UniqueIdentifier>{d23291f1-1eff-4731-9402-43180d1a69cf}</UniqueIdentifier>
    </Filter>
    <Filter Include="Hardware\Sensor">
      <UniqueIdentifier>{48dc7afa-64d6-4eea-a053-b56c7bd63012}</UniqueIdentifier>
    </Filter>
    <Filter Include="Hardware\Sensor\URM37 V3.2">
      <UniqueIdentifier>{f44a3297-95c5-49a5-8c49-3f1394757f84}</UniqueIdentifier>
    </Filter>
    <Filter Include="Hardware\Display">
      <UniqueIdentifier>{f7f0d148-0cb3-4208-9aec-c2c6fd02d930}</UniqueIdentifier>
    </Filter>
    <Filter Include="Hardware\Display\HD44780">
      <UniqueIdentifier>{56a75e41-9c6f-4d24-8ebe-4cff6644306b}</UniqueIdentifier>
    </Filter>
  </ItemGroup>
</Project>