<?xml version="1.0" encoding="utf-8"?>
<Project ToolsVersion="4.0" xmlns="http://schemas.microsoft.com/developer/msbuild/2003">
  <ItemGroup>
    <None Include="ArduinoTemplateLibrary.pde" />
  </ItemGroup>
  <ItemGroup>
    <ClInclude Include=".ArduinoTemplateLibrary.vsarduino.h" />
    <ClInclude Include="ValueContainer.h" />
    <ClInclude Include="BitArray.h" />
    <ClInclude Include="Range.h" />
    <ClInclude Include="RingBuffer.h" />
    <ClInclude Include="BufferedInputStream.h">
      <Filter>IO</Filter>
    </ClInclude>
    <ClInclude Include="InputStream.h">
      <Filter>IO</Filter>
    </ClInclude>
    <ClInclude Include="Stream.h">
      <Filter>IO</Filter>
    </ClInclude>
    <ClInclude Include="Midi.h">
      <Filter>Midi</Filter>
    </ClInclude>
    <ClInclude Include="MidiInputStream.h">
      <Filter>Midi</Filter>
    </ClInclude>
    <ClInclude Include="MidiMessage.h">
      <Filter>Midi</Filter>
    </ClInclude>
    <ClInclude Include="MidiReader.h">
      <Filter>Midi</Filter>
    </ClInclude>
    <ClInclude Include="StreamInputStream.h">
      <Filter>IO</Filter>
    </ClInclude>
    <ClInclude Include="MidiInPort.h">
      <Filter>Midi\_old</Filter>
    </ClInclude>
    <ClInclude Include="MidiOutPort.h">
      <Filter>Midi\_old</Filter>
    </ClInclude>
  </ItemGroup>
  <ItemGroup>
    <ClCompile Include="MidiInPort.cpp">
      <Filter>Midi\_old</Filter>
    </ClCompile>
    <ClCompile Include="MidiOutPort.cpp">
      <Filter>Midi\_old</Filter>
    </ClCompile>
  </ItemGroup>
  <ItemGroup>
    <Filter Include="IO">
      <UniqueIdentifier>{d4fdecf2-701c-49ec-8bcc-af0dd77cc96e}</UniqueIdentifier>
    </Filter>
    <Filter Include="Midi">
      <UniqueIdentifier>{37111ec7-556f-4131-9a52-5d811731ce50}</UniqueIdentifier>
    </Filter>
    <Filter Include="Midi\_old">
      <UniqueIdentifier>{c3ba17b0-6c51-4e64-931c-9f6955339011}</UniqueIdentifier>
    </Filter>
  </ItemGroup>
</Project>